// !$*UTF8*$!
{
	archiveVersion = 1;
	classes = {
	};
	objectVersion = 55;
	objects = {

/* Begin PBXBuildFile section */
		D22C6B9B2734FE6500303F44 /* DNAStrandApp.swift in Sources */ = {isa = PBXBuildFile; fileRef = D22C6B9A2734FE6500303F44 /* DNAStrandApp.swift */; };
		D22C6B9D2734FE6500303F44 /* ContentView.swift in Sources */ = {isa = PBXBuildFile; fileRef = D22C6B9C2734FE6500303F44 /* ContentView.swift */; };
		D22C6B9F2734FE6700303F44 /* Assets.xcassets in Resources */ = {isa = PBXBuildFile; fileRef = D22C6B9E2734FE6700303F44 /* Assets.xcassets */; };
		D22C6BA22734FE6700303F44 /* Preview Assets.xcassets in Resources */ = {isa = PBXBuildFile; fileRef = D22C6BA12734FE6700303F44 /* Preview Assets.xcassets */; };
		D22C6BAB2735037500303F44 /* AppUtilities in Frameworks */ = {isa = PBXBuildFile; productRef = D22C6BAA2735037500303F44 /* AppUtilities */; };
		D22C6BAE273512C200303F44 /* AppError+Extensions.swift in Sources */ = {isa = PBXBuildFile; fileRef = D22C6BAD273512C200303F44 /* AppError+Extensions.swift */; };
		D22C6BB12735152A00303F44 /* DNAStrandService in Frameworks */ = {isa = PBXBuildFile; productRef = D22C6BB02735152A00303F44 /* DNAStrandService */; };
/* End PBXBuildFile section */

/* Begin PBXFileReference section */
		D22C6B972734FE6500303F44 /* DNAStrand.app */ = {isa = PBXFileReference; explicitFileType = wrapper.application; includeInIndex = 0; path = DNAStrand.app; sourceTree = BUILT_PRODUCTS_DIR; };
		D22C6B9A2734FE6500303F44 /* DNAStrandApp.swift */ = {isa = PBXFileReference; lastKnownFileType = sourcecode.swift; path = DNAStrandApp.swift; sourceTree = "<group>"; };
		D22C6B9C2734FE6500303F44 /* ContentView.swift */ = {isa = PBXFileReference; lastKnownFileType = sourcecode.swift; path = ContentView.swift; sourceTree = "<group>"; };
		D22C6B9E2734FE6700303F44 /* Assets.xcassets */ = {isa = PBXFileReference; lastKnownFileType = folder.assetcatalog; path = Assets.xcassets; sourceTree = "<group>"; };
		D22C6BA12734FE6700303F44 /* Preview Assets.xcassets */ = {isa = PBXFileReference; lastKnownFileType = folder.assetcatalog; path = "Preview Assets.xcassets"; sourceTree = "<group>"; };
		D22C6BA82734FF6700303F44 /* DNAStrandService */ = {isa = PBXFileReference; lastKnownFileType = folder; name = DNAStrandService; path = ../DNAStrandService; sourceTree = "<group>"; };
		D22C6BAD273512C200303F44 /* AppError+Extensions.swift */ = {isa = PBXFileReference; lastKnownFileType = sourcecode.swift; path = "AppError+Extensions.swift"; sourceTree = "<group>"; };
/* End PBXFileReference section */

/* Begin PBXFrameworksBuildPhase section */
		D22C6B942734FE6500303F44 /* Frameworks */ = {
			isa = PBXFrameworksBuildPhase;
			buildActionMask = 2147483647;
			files = (
				D22C6BB12735152A00303F44 /* DNAStrandService in Frameworks */,
				D22C6BAB2735037500303F44 /* AppUtilities in Frameworks */,
			);
			runOnlyForDeploymentPostprocessing = 0;
		};
/* End PBXFrameworksBuildPhase section */

/* Begin PBXGroup section */
		D22C6B8E2734FE6500303F44 = {
			isa = PBXGroup;
			children = (
				D22C6BA82734FF6700303F44 /* DNAStrandService */,
				D22C6B992734FE6500303F44 /* DNAStrand */,
				D22C6B982734FE6500303F44 /* Products */,
				D22C6BAF2735152A00303F44 /* Frameworks */,
			);
			sourceTree = "<group>";
		};
		D22C6B982734FE6500303F44 /* Products */ = {
			isa = PBXGroup;
			children = (
				D22C6B972734FE6500303F44 /* DNAStrand.app */,
			);
			name = Products;
			sourceTree = "<group>";
		};
		D22C6B992734FE6500303F44 /* DNAStrand */ = {
			isa = PBXGroup;
			children = (
				D22C6B9A2734FE6500303F44 /* DNAStrandApp.swift */,
				D22C6B9C2734FE6500303F44 /* ContentView.swift */,
				D22C6BAC273512B600303F44 /* Utilities */,
				D22C6B9E2734FE6700303F44 /* Assets.xcassets */,
				D22C6BA02734FE6700303F44 /* Preview Content */,
			);
			path = DNAStrand;
			sourceTree = "<group>";
		};
		D22C6BA02734FE6700303F44 /* Preview Content */ = {
			isa = PBXGroup;
			children = (
				D22C6BA12734FE6700303F44 /* Preview Assets.xcassets */,
			);
			path = "Preview Content";
			sourceTree = "<group>";
		};
		D22C6BAC273512B600303F44 /* Utilities */ = {
			isa = PBXGroup;
			children = (
				D22C6BAD273512C200303F44 /* AppError+Extensions.swift */,
			);
			path = Utilities;
			sourceTree = "<group>";
		};
		D22C6BAF2735152A00303F44 /* Frameworks */ = {
			isa = PBXGroup;
			children = (
			);
			name = Frameworks;
			sourceTree = "<group>";
		};
/* End PBXGroup section */

/* Begin PBXNativeTarget section */
		D22C6B962734FE6500303F44 /* DNAStrand */ = {
			isa = PBXNativeTarget;
			buildConfigurationList = D22C6BA52734FE6700303F44 /* Build configuration list for PBXNativeTarget "DNAStrand" */;
			buildPhases = (
				D22C6B932734FE6500303F44 /* Sources */,
				D22C6B942734FE6500303F44 /* Frameworks */,
				D22C6B952734FE6500303F44 /* Resources */,
			);
			buildRules = (
			);
			dependencies = (
			);
			name = DNAStrand;
			packageProductDependencies = (
				D22C6BAA2735037500303F44 /* AppUtilities */,
				D22C6BB02735152A00303F44 /* DNAStrandService */,
			);
			productName = DNAStrand;
			productReference = D22C6B972734FE6500303F44 /* DNAStrand.app */;
			productType = "com.apple.product-type.application";
		};
/* End PBXNativeTarget section */

/* Begin PBXProject section */
		D22C6B8F2734FE6500303F44 /* Project object */ = {
			isa = PBXProject;
			attributes = {
				BuildIndependentTargetsInParallel = 1;
				LastSwiftUpdateCheck = 1300;
				LastUpgradeCheck = 1300;
				TargetAttributes = {
					D22C6B962734FE6500303F44 = {
						CreatedOnToolsVersion = 13.0;
					};
				};
			};
			buildConfigurationList = D22C6B922734FE6500303F44 /* Build configuration list for PBXProject "DNAStrand" */;
			compatibilityVersion = "Xcode 13.0";
			developmentRegion = en;
			hasScannedForEncodings = 0;
			knownRegions = (
				en,
				Base,
			);
			mainGroup = D22C6B8E2734FE6500303F44;
			packageReferences = (
				D22C6BA92735037500303F44 /* XCRemoteSwiftPackageReference "AppUtilities" */,
			);
			productRefGroup = D22C6B982734FE6500303F44 /* Products */;
			projectDirPath = "";
			projectRoot = "";
			targets = (
				D22C6B962734FE6500303F44 /* DNAStrand */,
			);
		};
/* End PBXProject section */

/* Begin PBXResourcesBuildPhase section */
		D22C6B952734FE6500303F44 /* Resources */ = {
			isa = PBXResourcesBuildPhase;
			buildActionMask = 2147483647;
			files = (
				D22C6BA22734FE6700303F44 /* Preview Assets.xcassets in Resources */,
				D22C6B9F2734FE6700303F44 /* Assets.xcassets in Resources */,
			);
			runOnlyForDeploymentPostprocessing = 0;
		};
/* End PBXResourcesBuildPhase section */

/* Begin PBXSourcesBuildPhase section */
		D22C6B932734FE6500303F44 /* Sources */ = {
			isa = PBXSourcesBuildPhase;
			buildActionMask = 2147483647;
			files = (
				D22C6B9D2734FE6500303F44 /* ContentView.swift in Sources */,
				D22C6BAE273512C200303F44 /* AppError+Extensions.swift in Sources */,
				D22C6B9B2734FE6500303F44 /* DNAStrandApp.swift in Sources */,
			);
			runOnlyForDeploymentPostprocessing = 0;
		};
/* End PBXSourcesBuildPhase section */

/* Begin XCBuildConfiguration section */
		D22C6BA32734FE6700303F44 /* Debug */ = {
			isa = XCBuildConfiguration;
			buildSettings = {
				ALWAYS_SEARCH_USER_PATHS = NO;
				CLANG_ANALYZER_NONNULL = YES;
				CLANG_ANALYZER_NUMBER_OBJECT_CONVERSION = YES_AGGRESSIVE;
				CLANG_CXX_LANGUAGE_STANDARD = "gnu++17";
				CLANG_CXX_LIBRARY = "libc++";
				CLANG_ENABLE_MODULES = YES;
				CLANG_ENABLE_OBJC_ARC = YES;
				CLANG_ENABLE_OBJC_WEAK = YES;
				CLANG_WARN_BLOCK_CAPTURE_AUTORELEASING = YES;
				CLANG_WARN_BOOL_CONVERSION = YES;
				CLANG_WARN_COMMA = YES;
				CLANG_WARN_CONSTANT_CONVERSION = YES;
				CLANG_WARN_DEPRECATED_OBJC_IMPLEMENTATIONS = YES;
				CLANG_WARN_DIRECT_OBJC_ISA_USAGE = YES_ERROR;
				CLANG_WARN_DOCUMENTATION_COMMENTS = YES;
				CLANG_WARN_EMPTY_BODY = YES;
				CLANG_WARN_ENUM_CONVERSION = YES;
				CLANG_WARN_INFINITE_RECURSION = YES;
				CLANG_WARN_INT_CONVERSION = YES;
				CLANG_WARN_NON_LITERAL_NULL_CONVERSION = YES;
				CLANG_WARN_OBJC_IMPLICIT_RETAIN_SELF = YES;
				CLANG_WARN_OBJC_LITERAL_CONVERSION = YES;
				CLANG_WARN_OBJC_ROOT_CLASS = YES_ERROR;
				CLANG_WARN_QUOTED_INCLUDE_IN_FRAMEWORK_HEADER = YES;
				CLANG_WARN_RANGE_LOOP_ANALYSIS = YES;
				CLANG_WARN_STRICT_PROTOTYPES = YES;
				CLANG_WARN_SUSPICIOUS_MOVE = YES;
				CLANG_WARN_UNGUARDED_AVAILABILITY = YES_AGGRESSIVE;
				CLANG_WARN_UNREACHABLE_CODE = YES;
				CLANG_WARN__DUPLICATE_METHOD_MATCH = YES;
				COPY_PHASE_STRIP = NO;
				DEBUG_INFORMATION_FORMAT = dwarf;
				ENABLE_STRICT_OBJC_MSGSEND = YES;
				ENABLE_TESTABILITY = YES;
				GCC_C_LANGUAGE_STANDARD = gnu11;
				GCC_DYNAMIC_NO_PIC = NO;
				GCC_NO_COMMON_BLOCKS = YES;
				GCC_OPTIMIZATION_LEVEL = 0;
				GCC_PREPROCESSOR_DEFINITIONS = (
					"DEBUG=1",
					"$(inherited)",
				);
				GCC_WARN_64_TO_32_BIT_CONVERSION = YES;
				GCC_WARN_ABOUT_RETURN_TYPE = YES_ERROR;
				GCC_WARN_UNDECLARED_SELECTOR = YES;
				GCC_WARN_UNINITIALIZED_AUTOS = YES_AGGRESSIVE;
				GCC_WARN_UNUSED_FUNCTION = YES;
				GCC_WARN_UNUSED_VARIABLE = YES;
				IPHONEOS_DEPLOYMENT_TARGET = 15.0;
				MTL_ENABLE_DEBUG_INFO = INCLUDE_SOURCE;
				MTL_FAST_MATH = YES;
				ONLY_ACTIVE_ARCH = YES;
				SDKROOT = iphoneos;
				SWIFT_ACTIVE_COMPILATION_CONDITIONS = DEBUG;
				SWIFT_OPTIMIZATION_LEVEL = "-Onone";
			};
			name = Debug;
		};
		D22C6BA42734FE6700303F44 /* Release */ = {
			isa = XCBuildConfiguration;
			buildSettings = {
				ALWAYS_SEARCH_USER_PATHS = NO;
				CLANG_ANALYZER_NONNULL = YES;
				CLANG_ANALYZER_NUMBER_OBJECT_CONVERSION = YES_AGGRESSIVE;
				CLANG_CXX_LANGUAGE_STANDARD = "gnu++17";
				CLANG_CXX_LIBRARY = "libc++";
				CLANG_ENABLE_MODULES = YES;
				CLANG_ENABLE_OBJC_ARC = YES;
				CLANG_ENABLE_OBJC_WEAK = YES;
				CLANG_WARN_BLOCK_CAPTURE_AUTORELEASING = YES;
				CLANG_WARN_BOOL_CONVERSION = YES;
				CLANG_WARN_COMMA = YES;
				CLANG_WARN_CONSTANT_CONVERSION = YES;
				CLANG_WARN_DEPRECATED_OBJC_IMPLEMENTATIONS = YES;
				CLANG_WARN_DIRECT_OBJC_ISA_USAGE = YES_ERROR;
				CLANG_WARN_DOCUMENTATION_COMMENTS = YES;
				CLANG_WARN_EMPTY_BODY = YES;
				CLANG_WARN_ENUM_CONVERSION = YES;
				CLANG_WARN_INFINITE_RECURSION = YES;
				CLANG_WARN_INT_CONVERSION = YES;
				CLANG_WARN_NON_LITERAL_NULL_CONVERSION = YES;
				CLANG_WARN_OBJC_IMPLICIT_RETAIN_SELF = YES;
				CLANG_WARN_OBJC_LITERAL_CONVERSION = YES;
				CLANG_WARN_OBJC_ROOT_CLASS = YES_ERROR;
				CLANG_WARN_QUOTED_INCLUDE_IN_FRAMEWORK_HEADER = YES;
				CLANG_WARN_RANGE_LOOP_ANALYSIS = YES;
				CLANG_WARN_STRICT_PROTOTYPES = YES;
				CLANG_WARN_SUSPICIOUS_MOVE = YES;
				CLANG_WARN_UNGUARDED_AVAILABILITY = YES_AGGRESSIVE;
				CLANG_WARN_UNREACHABLE_CODE = YES;
				CLANG_WARN__DUPLICATE_METHOD_MATCH = YES;
				COPY_PHASE_STRIP = NO;
				DEBUG_INFORMATION_FORMAT = "dwarf-with-dsym";
				ENABLE_NS_ASSERTIONS = NO;
				ENABLE_STRICT_OBJC_MSGSEND = YES;
				GCC_C_LANGUAGE_STANDARD = gnu11;
				GCC_NO_COMMON_BLOCKS = YES;
				GCC_WARN_64_TO_32_BIT_CONVERSION = YES;
				GCC_WARN_ABOUT_RETURN_TYPE = YES_ERROR;
				GCC_WARN_UNDECLARED_SELECTOR = YES;
				GCC_WARN_UNINITIALIZED_AUTOS = YES_AGGRESSIVE;
				GCC_WARN_UNUSED_FUNCTION = YES;
				GCC_WARN_UNUSED_VARIABLE = YES;
				IPHONEOS_DEPLOYMENT_TARGET = 15.0;
				MTL_ENABLE_DEBUG_INFO = NO;
				MTL_FAST_MATH = YES;
				SDKROOT = iphoneos;
				SWIFT_COMPILATION_MODE = wholemodule;
				SWIFT_OPTIMIZATION_LEVEL = "-O";
				VALIDATE_PRODUCT = YES;
			};
			name = Release;
		};
		D22C6BA62734FE6700303F44 /* Debug */ = {
			isa = XCBuildConfiguration;
			buildSettings = {
				ASSETCATALOG_COMPILER_APPICON_NAME = AppIcon;
				ASSETCATALOG_COMPILER_GLOBAL_ACCENT_COLOR_NAME = AccentColor;
				CODE_SIGN_STYLE = Automatic;
				CURRENT_PROJECT_VERSION = 1;
				DEVELOPMENT_ASSET_PATHS = "\"DNAStrand/Preview Content\"";
				ENABLE_PREVIEWS = YES;
				GENERATE_INFOPLIST_FILE = YES;
				INFOPLIST_KEY_UIApplicationSceneManifest_Generation = YES;
				INFOPLIST_KEY_UIApplicationSupportsIndirectInputEvents = YES;
				INFOPLIST_KEY_UILaunchScreen_Generation = YES;
				INFOPLIST_KEY_UISupportedInterfaceOrientations_iPad = "UIInterfaceOrientationPortrait UIInterfaceOrientationPortraitUpsideDown UIInterfaceOrientationLandscapeLeft UIInterfaceOrientationLandscapeRight";
				INFOPLIST_KEY_UISupportedInterfaceOrientations_iPhone = "UIInterfaceOrientationPortrait UIInterfaceOrientationLandscapeLeft UIInterfaceOrientationLandscapeRight";
				IPHONEOS_DEPLOYMENT_TARGET = 15.0;
				LD_RUNPATH_SEARCH_PATHS = (
					"$(inherited)",
					"@executable_path/Frameworks",
				);
				MARKETING_VERSION = 1.0;
				PRODUCT_BUNDLE_IDENTIFIER = com.swiftuijam.DNAStrand;
				PRODUCT_NAME = "$(TARGET_NAME)";
				SWIFT_EMIT_LOC_STRINGS = YES;
				SWIFT_VERSION = 5.0;
				TARGETED_DEVICE_FAMILY = "1,2";
			};
			name = Debug;
		};
		D22C6BA72734FE6700303F44 /* Release */ = {
			isa = XCBuildConfiguration;
			buildSettings = {
				ASSETCATALOG_COMPILER_APPICON_NAME = AppIcon;
				ASSETCATALOG_COMPILER_GLOBAL_ACCENT_COLOR_NAME = AccentColor;
				CODE_SIGN_STYLE = Automatic;
				CURRENT_PROJECT_VERSION = 1;
				DEVELOPMENT_ASSET_PATHS = "\"DNAStrand/Preview Content\"";
				ENABLE_PREVIEWS = YES;
				GENERATE_INFOPLIST_FILE = YES;
				INFOPLIST_KEY_UIApplicationSceneManifest_Generation = YES;
				INFOPLIST_KEY_UIApplicationSupportsIndirectInputEvents = YES;
				INFOPLIST_KEY_UILaunchScreen_Generation = YES;
				INFOPLIST_KEY_UISupportedInterfaceOrientations_iPad = "UIInterfaceOrientationPortrait UIInterfaceOrientationPortraitUpsideDown UIInterfaceOrientationLandscapeLeft UIInterfaceOrientationLandscapeRight";
				INFOPLIST_KEY_UISupportedInterfaceOrientations_iPhone = "UIInterfaceOrientationPortrait UIInterfaceOrientationLandscapeLeft UIInterfaceOrientationLandscapeRight";
				IPHONEOS_DEPLOYMENT_TARGET = 15.0;
				LD_RUNPATH_SEARCH_PATHS = (
					"$(inherited)",
					"@executable_path/Frameworks",
				);
				MARKETING_VERSION = 1.0;
				PRODUCT_BUNDLE_IDENTIFIER = com.swiftuijam.DNAStrand;
				PRODUCT_NAME = "$(TARGET_NAME)";
				SWIFT_EMIT_LOC_STRINGS = YES;
				SWIFT_VERSION = 5.0;
				TARGETED_DEVICE_FAMILY = "1,2";
			};
			name = Release;
		};
/* End XCBuildConfiguration section */

/* Begin XCConfigurationList section */
		D22C6B922734FE6500303F44 /* Build configuration list for PBXProject "DNAStrand" */ = {
			isa = XCConfigurationList;
			buildConfigurations = (
				D22C6BA32734FE6700303F44 /* Debug */,
				D22C6BA42734FE6700303F44 /* Release */,
			);
			defaultConfigurationIsVisible = 0;
			defaultConfigurationName = Release;
		};
		D22C6BA52734FE6700303F44 /* Build configuration list for PBXNativeTarget "DNAStrand" */ = {
			isa = XCConfigurationList;
			buildConfigurations = (
				D22C6BA62734FE6700303F44 /* Debug */,
				D22C6BA72734FE6700303F44 /* Release */,
			);
			defaultConfigurationIsVisible = 0;
			defaultConfigurationName = Release;
		};
/* End XCConfigurationList section */

/* Begin XCRemoteSwiftPackageReference section */
		D22C6BA92735037500303F44 /* XCRemoteSwiftPackageReference "AppUtilities" */ = {
			isa = XCRemoteSwiftPackageReference;
			repositoryURL = "https://github.com/NeilsUltimateLab/AppUtilities.git";
			requirement = {
				kind = upToNextMajorVersion;
				minimumVersion = 1.1.5;
			};
		};
/* End XCRemoteSwiftPackageReference section */

/* Begin XCSwiftPackageProductDependency section */
		D22C6BAA2735037500303F44 /* AppUtilities */ = {
			isa = XCSwiftPackageProductDependency;
			package = D22C6BA92735037500303F44 /* XCRemoteSwiftPackageReference "AppUtilities" */;
			productName = AppUtilities;
		};
		D22C6BB02735152A00303F44 /* DNAStrandService */ = {
			isa = XCSwiftPackageProductDependency;
			productName = DNAStrandService;
		};
/* End XCSwiftPackageProductDependency section */
	};
	rootObject = D22C6B8F2734FE6500303F44 /* Project object */;
}
