// !$*UTF8*$!
{
	archiveVersion = 1;
	classes = {
	};
	objectVersion = 55;
	objects = {

/* Begin PBXBuildFile section */
		3864B3BC27359F4F005CE6B3 /* CardView.swift in Sources */ = {isa = PBXBuildFile; fileRef = 3864B3BB27359F4F005CE6B3 /* CardView.swift */; };
		38C1D2EA27385B2500DBB070 /* GeneWebView.swift in Sources */ = {isa = PBXBuildFile; fileRef = 38C1D2E927385B2500DBB070 /* GeneWebView.swift */; };
		38E870C02736483900E857B1 /* CardFullView.swift in Sources */ = {isa = PBXBuildFile; fileRef = 38E870BF2736483900E857B1 /* CardFullView.swift */; };
		913586552737685F00AAA603 /* CreditsView.swift in Sources */ = {isa = PBXBuildFile; fileRef = 913586542737685F00AAA603 /* CreditsView.swift */; };
		916D76742736E9C200A4AEF8 /* HomeView.swift in Sources */ = {isa = PBXBuildFile; fileRef = 916D76732736E9C200A4AEF8 /* HomeView.swift */; };
		9D0005E3273855C900F6E8AE /* DNAShape.swift in Sources */ = {isa = PBXBuildFile; fileRef = 9D0005E0273855C900F6E8AE /* DNAShape.swift */; };
		9D0005E4273855C900F6E8AE /* DNAShapeRetryLoaderView.swift in Sources */ = {isa = PBXBuildFile; fileRef = 9D0005E1273855C900F6E8AE /* DNAShapeRetryLoaderView.swift */; };
		9D0005E5273855C900F6E8AE /* DigitalRain.swift in Sources */ = {isa = PBXBuildFile; fileRef = 9D0005E2273855C900F6E8AE /* DigitalRain.swift */; };
		9D328F02273730E2004E7903 /* SwiftSoup in Frameworks */ = {isa = PBXBuildFile; productRef = 9D328F01273730E2004E7903 /* SwiftSoup */; };
		9D328F1527373122004E7903 /* GeneViewModel.swift in Sources */ = {isa = PBXBuildFile; fileRef = 9D328F0427373121004E7903 /* GeneViewModel.swift */; };
		9D328F1727373122004E7903 /* Bundle+LoadAndDecode.swift in Sources */ = {isa = PBXBuildFile; fileRef = 9D328F0727373121004E7903 /* Bundle+LoadAndDecode.swift */; };
		9D328F1827373122004E7903 /* api-result.json in Resources */ = {isa = PBXBuildFile; fileRef = 9D328F0827373122004E7903 /* api-result.json */; };
		9D328F1F27373122004E7903 /* NetworkManager.swift in Sources */ = {isa = PBXBuildFile; fileRef = 9D328F1127373122004E7903 /* NetworkManager.swift */; };
		D20296A52737939B00A10358 /* Animation-Extension.swift in Sources */ = {isa = PBXBuildFile; fileRef = D20296A42737939B00A10358 /* Animation-Extension.swift */; };
		D20296AA273793DD00A10358 /* WikiData.swift in Sources */ = {isa = PBXBuildFile; fileRef = D20296A6273793DD00A10358 /* WikiData.swift */; };
		D20296AB273793DD00A10358 /* WikiResultAPI.swift in Sources */ = {isa = PBXBuildFile; fileRef = D20296A7273793DD00A10358 /* WikiResultAPI.swift */; };
		D20296AC273793DD00A10358 /* DataFetchPhase.swift in Sources */ = {isa = PBXBuildFile; fileRef = D20296A8273793DD00A10358 /* DataFetchPhase.swift */; };
		D20296AD273793DD00A10358 /* Gene.swift in Sources */ = {isa = PBXBuildFile; fileRef = D20296A9273793DD00A10358 /* Gene.swift */; };
		D20296AF2737AFF500A10358 /* AppView.swift in Sources */ = {isa = PBXBuildFile; fileRef = D20296AE2737AFF500A10358 /* AppView.swift */; };
		D20296B22737BDE300A10358 /* CachedAsyncImage in Frameworks */ = {isa = PBXBuildFile; productRef = D20296B12737BDE300A10358 /* CachedAsyncImage */; };
		D20296B62737C5F900A10358 /* UIColor+Extension.swift in Sources */ = {isa = PBXBuildFile; fileRef = D20296B52737C5F900A10358 /* UIColor+Extension.swift */; };
		D22C6B9B2734FE6500303F44 /* DNAStrandApp.swift in Sources */ = {isa = PBXBuildFile; fileRef = D22C6B9A2734FE6500303F44 /* DNAStrandApp.swift */; };
		D22C6B9F2734FE6700303F44 /* Assets.xcassets in Resources */ = {isa = PBXBuildFile; fileRef = D22C6B9E2734FE6700303F44 /* Assets.xcassets */; };
		D22C6BA22734FE6700303F44 /* Preview Assets.xcassets in Resources */ = {isa = PBXBuildFile; fileRef = D22C6BA12734FE6700303F44 /* Preview Assets.xcassets */; };
/* End PBXBuildFile section */

/* Begin PBXFileReference section */
		3864B3BB27359F4F005CE6B3 /* CardView.swift */ = {isa = PBXFileReference; lastKnownFileType = sourcecode.swift; path = CardView.swift; sourceTree = "<group>"; };
		38C1D2E927385B2500DBB070 /* GeneWebView.swift */ = {isa = PBXFileReference; lastKnownFileType = sourcecode.swift; path = GeneWebView.swift; sourceTree = "<group>"; };
		38E870BF2736483900E857B1 /* CardFullView.swift */ = {isa = PBXFileReference; lastKnownFileType = sourcecode.swift; path = CardFullView.swift; sourceTree = "<group>"; };
		913586542737685F00AAA603 /* CreditsView.swift */ = {isa = PBXFileReference; lastKnownFileType = sourcecode.swift; path = CreditsView.swift; sourceTree = "<group>"; };
		916D76732736E9C200A4AEF8 /* HomeView.swift */ = {isa = PBXFileReference; lastKnownFileType = sourcecode.swift; path = HomeView.swift; sourceTree = "<group>"; };
		9D0005E0273855C900F6E8AE /* DNAShape.swift */ = {isa = PBXFileReference; fileEncoding = 4; lastKnownFileType = sourcecode.swift; path = DNAShape.swift; sourceTree = "<group>"; };
		9D0005E1273855C900F6E8AE /* DNAShapeRetryLoaderView.swift */ = {isa = PBXFileReference; fileEncoding = 4; lastKnownFileType = sourcecode.swift; path = DNAShapeRetryLoaderView.swift; sourceTree = "<group>"; };
		9D0005E2273855C900F6E8AE /* DigitalRain.swift */ = {isa = PBXFileReference; fileEncoding = 4; lastKnownFileType = sourcecode.swift; path = DigitalRain.swift; sourceTree = "<group>"; };
		9D328F0427373121004E7903 /* GeneViewModel.swift */ = {isa = PBXFileReference; fileEncoding = 4; lastKnownFileType = sourcecode.swift; path = GeneViewModel.swift; sourceTree = "<group>"; };
		9D328F0727373121004E7903 /* Bundle+LoadAndDecode.swift */ = {isa = PBXFileReference; fileEncoding = 4; lastKnownFileType = sourcecode.swift; path = "Bundle+LoadAndDecode.swift"; sourceTree = "<group>"; };
		9D328F0827373122004E7903 /* api-result.json */ = {isa = PBXFileReference; fileEncoding = 4; lastKnownFileType = text.json; path = "api-result.json"; sourceTree = "<group>"; };
		9D328F1127373122004E7903 /* NetworkManager.swift */ = {isa = PBXFileReference; fileEncoding = 4; lastKnownFileType = sourcecode.swift; path = NetworkManager.swift; sourceTree = "<group>"; };
		D20296A42737939B00A10358 /* Animation-Extension.swift */ = {isa = PBXFileReference; fileEncoding = 4; lastKnownFileType = sourcecode.swift; path = "Animation-Extension.swift"; sourceTree = "<group>"; };
		D20296A6273793DD00A10358 /* WikiData.swift */ = {isa = PBXFileReference; fileEncoding = 4; lastKnownFileType = sourcecode.swift; path = WikiData.swift; sourceTree = "<group>"; };
		D20296A7273793DD00A10358 /* WikiResultAPI.swift */ = {isa = PBXFileReference; fileEncoding = 4; lastKnownFileType = sourcecode.swift; path = WikiResultAPI.swift; sourceTree = "<group>"; };
		D20296A8273793DD00A10358 /* DataFetchPhase.swift */ = {isa = PBXFileReference; fileEncoding = 4; lastKnownFileType = sourcecode.swift; path = DataFetchPhase.swift; sourceTree = "<group>"; };
		D20296A9273793DD00A10358 /* Gene.swift */ = {isa = PBXFileReference; fileEncoding = 4; lastKnownFileType = sourcecode.swift; path = Gene.swift; sourceTree = "<group>"; };
		D20296AE2737AFF500A10358 /* AppView.swift */ = {isa = PBXFileReference; lastKnownFileType = sourcecode.swift; path = AppView.swift; sourceTree = "<group>"; };
		D20296B52737C5F900A10358 /* UIColor+Extension.swift */ = {isa = PBXFileReference; lastKnownFileType = sourcecode.swift; path = "UIColor+Extension.swift"; sourceTree = "<group>"; };
		D22C6B972734FE6500303F44 /* DNAStrand.app */ = {isa = PBXFileReference; explicitFileType = wrapper.application; includeInIndex = 0; path = DNAStrand.app; sourceTree = BUILT_PRODUCTS_DIR; };
		D22C6B9A2734FE6500303F44 /* DNAStrandApp.swift */ = {isa = PBXFileReference; lastKnownFileType = sourcecode.swift; path = DNAStrandApp.swift; sourceTree = "<group>"; };
		D22C6B9E2734FE6700303F44 /* Assets.xcassets */ = {isa = PBXFileReference; lastKnownFileType = folder.assetcatalog; path = Assets.xcassets; sourceTree = "<group>"; };
		D22C6BA12734FE6700303F44 /* Preview Assets.xcassets */ = {isa = PBXFileReference; lastKnownFileType = folder.assetcatalog; path = "Preview Assets.xcassets"; sourceTree = "<group>"; };
/* End PBXFileReference section */

/* Begin PBXFrameworksBuildPhase section */
		D22C6B942734FE6500303F44 /* Frameworks */ = {
			isa = PBXFrameworksBuildPhase;
			buildActionMask = 2147483647;
			files = (
				9D328F02273730E2004E7903 /* SwiftSoup in Frameworks */,
				D20296B22737BDE300A10358 /* CachedAsyncImage in Frameworks */,
			);
			runOnlyForDeploymentPostprocessing = 0;
		};
/* End PBXFrameworksBuildPhase section */

/* Begin PBXGroup section */
		3864B3BA27359EBE005CE6B3 /* View */ = {
			isa = PBXGroup;
			children = (
				D20296AE2737AFF500A10358 /* AppView.swift */,
				3864B3BB27359F4F005CE6B3 /* CardView.swift */,
				38E870BF2736483900E857B1 /* CardFullView.swift */,
				916D76732736E9C200A4AEF8 /* HomeView.swift */,
				913586542737685F00AAA603 /* CreditsView.swift */,
				9D0005E2273855C900F6E8AE /* DigitalRain.swift */,
				9D0005E0273855C900F6E8AE /* DNAShape.swift */,
				9D0005E1273855C900F6E8AE /* DNAShapeRetryLoaderView.swift */,
				38C1D2E927385B2500DBB070 /* GeneWebView.swift */,
			);
			path = View;
			sourceTree = "<group>";
		};
		913586532737679200AAA603 /* Model */ = {
			isa = PBXGroup;
			children = (
				D20296A8273793DD00A10358 /* DataFetchPhase.swift */,
				D20296A9273793DD00A10358 /* Gene.swift */,
				D20296A6273793DD00A10358 /* WikiData.swift */,
				D20296A7273793DD00A10358 /* WikiResultAPI.swift */,
			);
			path = Model;
			sourceTree = "<group>";
		};
		9D328F0327373121004E7903 /* ViewModel */ = {
			isa = PBXGroup;
			children = (
				9D328F0427373121004E7903 /* GeneViewModel.swift */,
			);
			path = ViewModel;
			sourceTree = "<group>";
		};
		9D328F0527373121004E7903 /* Extensions */ = {
			isa = PBXGroup;
			children = (
				D20296A42737939B00A10358 /* Animation-Extension.swift */,
				9D328F0727373121004E7903 /* Bundle+LoadAndDecode.swift */,
				D20296B52737C5F900A10358 /* UIColor+Extension.swift */,
			);
			path = Extensions;
			sourceTree = "<group>";
		};
		9D328F1027373122004E7903 /* NetworkManager */ = {
			isa = PBXGroup;
			children = (
				9D328F1127373122004E7903 /* NetworkManager.swift */,
			);
			path = NetworkManager;
			sourceTree = "<group>";
		};
		D22C6B8E2734FE6500303F44 = {
			isa = PBXGroup;
			children = (
				D22C6B992734FE6500303F44 /* DNAStrand */,
				D22C6B982734FE6500303F44 /* Products */,
				D22C6BAF2735152A00303F44 /* Frameworks */,
			);
			sourceTree = "<group>";
		};
		D22C6B982734FE6500303F44 /* Products */ = {
			isa = PBXGroup;
			children = (
				D22C6B972734FE6500303F44 /* DNAStrand.app */,
			);
			name = Products;
			sourceTree = "<group>";
		};
		D22C6B992734FE6500303F44 /* DNAStrand */ = {
			isa = PBXGroup;
			children = (
				D22C6B9A2734FE6500303F44 /* DNAStrandApp.swift */,
				913586532737679200AAA603 /* Model */,
				3864B3BA27359EBE005CE6B3 /* View */,
				9D328F0527373121004E7903 /* Extensions */,
				9D328F1027373122004E7903 /* NetworkManager */,
				9D328F0327373121004E7903 /* ViewModel */,
				D22C6B9E2734FE6700303F44 /* Assets.xcassets */,
				9D328F0827373122004E7903 /* api-result.json */,
				D22C6BA02734FE6700303F44 /* Preview Content */,
			);
			path = DNAStrand;
			sourceTree = "<group>";
		};
		D22C6BA02734FE6700303F44 /* Preview Content */ = {
			isa = PBXGroup;
			children = (
				D22C6BA12734FE6700303F44 /* Preview Assets.xcassets */,
			);
			path = "Preview Content";
			sourceTree = "<group>";
		};
		D22C6BAF2735152A00303F44 /* Frameworks */ = {
			isa = PBXGroup;
			children = (
			);
			name = Frameworks;
			sourceTree = "<group>";
		};
/* End PBXGroup section */

/* Begin PBXNativeTarget section */
		D22C6B962734FE6500303F44 /* DNAStrand */ = {
			isa = PBXNativeTarget;
			buildConfigurationList = D22C6BA52734FE6700303F44 /* Build configuration list for PBXNativeTarget "DNAStrand" */;
			buildPhases = (
				D22C6B932734FE6500303F44 /* Sources */,
				D22C6B942734FE6500303F44 /* Frameworks */,
				D22C6B952734FE6500303F44 /* Resources */,
			);
			buildRules = (
			);
			dependencies = (
			);
			name = DNAStrand;
			packageProductDependencies = (
				9D328F01273730E2004E7903 /* SwiftSoup */,
				D20296B12737BDE300A10358 /* CachedAsyncImage */,
			);
			productName = DNAStrand;
			productReference = D22C6B972734FE6500303F44 /* DNAStrand.app */;
			productType = "com.apple.product-type.application";
		};
/* End PBXNativeTarget section */

/* Begin PBXProject section */
		D22C6B8F2734FE6500303F44 /* Project object */ = {
			isa = PBXProject;
			attributes = {
				BuildIndependentTargetsInParallel = 1;
				LastSwiftUpdateCheck = 1300;
				LastUpgradeCheck = 1300;
				TargetAttributes = {
					D22C6B962734FE6500303F44 = {
						CreatedOnToolsVersion = 13.0;
					};
				};
			};
			buildConfigurationList = D22C6B922734FE6500303F44 /* Build configuration list for PBXProject "DNAStrand" */;
			compatibilityVersion = "Xcode 13.0";
			developmentRegion = en;
			hasScannedForEncodings = 0;
			knownRegions = (
				en,
				Base,
			);
			mainGroup = D22C6B8E2734FE6500303F44;
			packageReferences = (
				9D328F00273730E2004E7903 /* XCRemoteSwiftPackageReference "SwiftSoup" */,
				D20296B02737BDE300A10358 /* XCRemoteSwiftPackageReference "SwiftUI-CachedAsyncImage" */,
			);
			productRefGroup = D22C6B982734FE6500303F44 /* Products */;
			projectDirPath = "";
			projectRoot = "";
			targets = (
				D22C6B962734FE6500303F44 /* DNAStrand */,
			);
		};
/* End PBXProject section */

/* Begin PBXResourcesBuildPhase section */
		D22C6B952734FE6500303F44 /* Resources */ = {
			isa = PBXResourcesBuildPhase;
			buildActionMask = 2147483647;
			files = (
				9D328F1827373122004E7903 /* api-result.json in Resources */,
				D22C6BA22734FE6700303F44 /* Preview Assets.xcassets in Resources */,
				D22C6B9F2734FE6700303F44 /* Assets.xcassets in Resources */,
			);
			runOnlyForDeploymentPostprocessing = 0;
		};
/* End PBXResourcesBuildPhase section */

/* Begin PBXSourcesBuildPhase section */
		D22C6B932734FE6500303F44 /* Sources */ = {
			isa = PBXSourcesBuildPhase;
			buildActionMask = 2147483647;
			files = (
				38E870C02736483900E857B1 /* CardFullView.swift in Sources */,
				916D76742736E9C200A4AEF8 /* HomeView.swift in Sources */,
				913586552737685F00AAA603 /* CreditsView.swift in Sources */,
				9D0005E3273855C900F6E8AE /* DNAShape.swift in Sources */,
				D20296AF2737AFF500A10358 /* AppView.swift in Sources */,
				D20296AA273793DD00A10358 /* WikiData.swift in Sources */,
				D20296A52737939B00A10358 /* Animation-Extension.swift in Sources */,
				9D328F1527373122004E7903 /* GeneViewModel.swift in Sources */,
				9D0005E5273855C900F6E8AE /* DigitalRain.swift in Sources */,
				38C1D2EA27385B2500DBB070 /* GeneWebView.swift in Sources */,
				D20296AD273793DD00A10358 /* Gene.swift in Sources */,
				D20296AC273793DD00A10358 /* DataFetchPhase.swift in Sources */,
				D20296B62737C5F900A10358 /* UIColor+Extension.swift in Sources */,
				38E870C02736483900E857B1 /* CardFullView.swift in Sources */,
				D20296AB273793DD00A10358 /* WikiResultAPI.swift in Sources */,
				9D0005E4273855C900F6E8AE /* DNAShapeRetryLoaderView.swift in Sources */,
				9D328F1F27373122004E7903 /* NetworkManager.swift in Sources */,
				D22C6B9B2734FE6500303F44 /* DNAStrandApp.swift in Sources */,
				3864B3BC27359F4F005CE6B3 /* CardView.swift in Sources */,
				9D328F1727373122004E7903 /* Bundle+LoadAndDecode.swift in Sources */,
			);
			runOnlyForDeploymentPostprocessing = 0;
		};
/* End PBXSourcesBuildPhase section */

/* Begin XCBuildConfiguration section */
		D22C6BA32734FE6700303F44 /* Debug */ = {
			isa = XCBuildConfiguration;
			buildSettings = {
				ALWAYS_SEARCH_USER_PATHS = NO;
				CLANG_ANALYZER_NONNULL = YES;
				CLANG_ANALYZER_NUMBER_OBJECT_CONVERSION = YES_AGGRESSIVE;
				CLANG_CXX_LANGUAGE_STANDARD = "gnu++17";
				CLANG_CXX_LIBRARY = "libc++";
				CLANG_ENABLE_MODULES = YES;
				CLANG_ENABLE_OBJC_ARC = YES;
				CLANG_ENABLE_OBJC_WEAK = YES;
				CLANG_WARN_BLOCK_CAPTURE_AUTORELEASING = YES;
				CLANG_WARN_BOOL_CONVERSION = YES;
				CLANG_WARN_COMMA = YES;
				CLANG_WARN_CONSTANT_CONVERSION = YES;
				CLANG_WARN_DEPRECATED_OBJC_IMPLEMENTATIONS = YES;
				CLANG_WARN_DIRECT_OBJC_ISA_USAGE = YES_ERROR;
				CLANG_WARN_DOCUMENTATION_COMMENTS = YES;
				CLANG_WARN_EMPTY_BODY = YES;
				CLANG_WARN_ENUM_CONVERSION = YES;
				CLANG_WARN_INFINITE_RECURSION = YES;
				CLANG_WARN_INT_CONVERSION = YES;
				CLANG_WARN_NON_LITERAL_NULL_CONVERSION = YES;
				CLANG_WARN_OBJC_IMPLICIT_RETAIN_SELF = YES;
				CLANG_WARN_OBJC_LITERAL_CONVERSION = YES;
				CLANG_WARN_OBJC_ROOT_CLASS = YES_ERROR;
				CLANG_WARN_QUOTED_INCLUDE_IN_FRAMEWORK_HEADER = YES;
				CLANG_WARN_RANGE_LOOP_ANALYSIS = YES;
				CLANG_WARN_STRICT_PROTOTYPES = YES;
				CLANG_WARN_SUSPICIOUS_MOVE = YES;
				CLANG_WARN_UNGUARDED_AVAILABILITY = YES_AGGRESSIVE;
				CLANG_WARN_UNREACHABLE_CODE = YES;
				CLANG_WARN__DUPLICATE_METHOD_MATCH = YES;
				COPY_PHASE_STRIP = NO;
				DEBUG_INFORMATION_FORMAT = dwarf;
				ENABLE_STRICT_OBJC_MSGSEND = YES;
				ENABLE_TESTABILITY = YES;
				GCC_C_LANGUAGE_STANDARD = gnu11;
				GCC_DYNAMIC_NO_PIC = NO;
				GCC_NO_COMMON_BLOCKS = YES;
				GCC_OPTIMIZATION_LEVEL = 0;
				GCC_PREPROCESSOR_DEFINITIONS = (
					"DEBUG=1",
					"$(inherited)",
				);
				GCC_WARN_64_TO_32_BIT_CONVERSION = YES;
				GCC_WARN_ABOUT_RETURN_TYPE = YES_ERROR;
				GCC_WARN_UNDECLARED_SELECTOR = YES;
				GCC_WARN_UNINITIALIZED_AUTOS = YES_AGGRESSIVE;
				GCC_WARN_UNUSED_FUNCTION = YES;
				GCC_WARN_UNUSED_VARIABLE = YES;
				IPHONEOS_DEPLOYMENT_TARGET = 15.0;
				MTL_ENABLE_DEBUG_INFO = INCLUDE_SOURCE;
				MTL_FAST_MATH = YES;
				ONLY_ACTIVE_ARCH = YES;
				SDKROOT = iphoneos;
				SWIFT_ACTIVE_COMPILATION_CONDITIONS = DEBUG;
				SWIFT_OPTIMIZATION_LEVEL = "-Onone";
			};
			name = Debug;
		};
		D22C6BA42734FE6700303F44 /* Release */ = {
			isa = XCBuildConfiguration;
			buildSettings = {
				ALWAYS_SEARCH_USER_PATHS = NO;
				CLANG_ANALYZER_NONNULL = YES;
				CLANG_ANALYZER_NUMBER_OBJECT_CONVERSION = YES_AGGRESSIVE;
				CLANG_CXX_LANGUAGE_STANDARD = "gnu++17";
				CLANG_CXX_LIBRARY = "libc++";
				CLANG_ENABLE_MODULES = YES;
				CLANG_ENABLE_OBJC_ARC = YES;
				CLANG_ENABLE_OBJC_WEAK = YES;
				CLANG_WARN_BLOCK_CAPTURE_AUTORELEASING = YES;
				CLANG_WARN_BOOL_CONVERSION = YES;
				CLANG_WARN_COMMA = YES;
				CLANG_WARN_CONSTANT_CONVERSION = YES;
				CLANG_WARN_DEPRECATED_OBJC_IMPLEMENTATIONS = YES;
				CLANG_WARN_DIRECT_OBJC_ISA_USAGE = YES_ERROR;
				CLANG_WARN_DOCUMENTATION_COMMENTS = YES;
				CLANG_WARN_EMPTY_BODY = YES;
				CLANG_WARN_ENUM_CONVERSION = YES;
				CLANG_WARN_INFINITE_RECURSION = YES;
				CLANG_WARN_INT_CONVERSION = YES;
				CLANG_WARN_NON_LITERAL_NULL_CONVERSION = YES;
				CLANG_WARN_OBJC_IMPLICIT_RETAIN_SELF = YES;
				CLANG_WARN_OBJC_LITERAL_CONVERSION = YES;
				CLANG_WARN_OBJC_ROOT_CLASS = YES_ERROR;
				CLANG_WARN_QUOTED_INCLUDE_IN_FRAMEWORK_HEADER = YES;
				CLANG_WARN_RANGE_LOOP_ANALYSIS = YES;
				CLANG_WARN_STRICT_PROTOTYPES = YES;
				CLANG_WARN_SUSPICIOUS_MOVE = YES;
				CLANG_WARN_UNGUARDED_AVAILABILITY = YES_AGGRESSIVE;
				CLANG_WARN_UNREACHABLE_CODE = YES;
				CLANG_WARN__DUPLICATE_METHOD_MATCH = YES;
				COPY_PHASE_STRIP = NO;
				DEBUG_INFORMATION_FORMAT = "dwarf-with-dsym";
				ENABLE_NS_ASSERTIONS = NO;
				ENABLE_STRICT_OBJC_MSGSEND = YES;
				GCC_C_LANGUAGE_STANDARD = gnu11;
				GCC_NO_COMMON_BLOCKS = YES;
				GCC_WARN_64_TO_32_BIT_CONVERSION = YES;
				GCC_WARN_ABOUT_RETURN_TYPE = YES_ERROR;
				GCC_WARN_UNDECLARED_SELECTOR = YES;
				GCC_WARN_UNINITIALIZED_AUTOS = YES_AGGRESSIVE;
				GCC_WARN_UNUSED_FUNCTION = YES;
				GCC_WARN_UNUSED_VARIABLE = YES;
				IPHONEOS_DEPLOYMENT_TARGET = 15.0;
				MTL_ENABLE_DEBUG_INFO = NO;
				MTL_FAST_MATH = YES;
				SDKROOT = iphoneos;
				SWIFT_COMPILATION_MODE = wholemodule;
				SWIFT_OPTIMIZATION_LEVEL = "-O";
				VALIDATE_PRODUCT = YES;
			};
			name = Release;
		};
		D22C6BA62734FE6700303F44 /* Debug */ = {
			isa = XCBuildConfiguration;
			buildSettings = {
				ASSETCATALOG_COMPILER_APPICON_NAME = AppIcon;
				ASSETCATALOG_COMPILER_GLOBAL_ACCENT_COLOR_NAME = AccentColor;
				CODE_SIGN_STYLE = Automatic;
				CURRENT_PROJECT_VERSION = 1;
				DEVELOPMENT_ASSET_PATHS = "\"DNAStrand/Preview Content\"";
				DEVELOPMENT_TEAM = KBBTQSH263;
				ENABLE_PREVIEWS = YES;
				GENERATE_INFOPLIST_FILE = YES;
				INFOPLIST_KEY_UIApplicationSceneManifest_Generation = YES;
				INFOPLIST_KEY_UIApplicationSupportsIndirectInputEvents = YES;
				INFOPLIST_KEY_UILaunchScreen_Generation = YES;
				INFOPLIST_KEY_UISupportedInterfaceOrientations_iPad = "UIInterfaceOrientationPortrait UIInterfaceOrientationPortraitUpsideDown UIInterfaceOrientationLandscapeLeft UIInterfaceOrientationLandscapeRight";
				INFOPLIST_KEY_UISupportedInterfaceOrientations_iPhone = "UIInterfaceOrientationPortrait UIInterfaceOrientationLandscapeLeft UIInterfaceOrientationLandscapeRight";
				IPHONEOS_DEPLOYMENT_TARGET = 15.0;
				LD_RUNPATH_SEARCH_PATHS = (
					"$(inherited)",
					"@executable_path/Frameworks",
				);
				MARKETING_VERSION = 1.0;
				PRODUCT_BUNDLE_IDENTIFIER = com.swiftuijam.DNAStrand;
				PRODUCT_NAME = "$(TARGET_NAME)";
				SWIFT_EMIT_LOC_STRINGS = YES;
				SWIFT_VERSION = 5.0;
				TARGETED_DEVICE_FAMILY = "1,2";
			};
			name = Debug;
		};
		D22C6BA72734FE6700303F44 /* Release */ = {
			isa = XCBuildConfiguration;
			buildSettings = {
				ASSETCATALOG_COMPILER_APPICON_NAME = AppIcon;
				ASSETCATALOG_COMPILER_GLOBAL_ACCENT_COLOR_NAME = AccentColor;
				CODE_SIGN_STYLE = Automatic;
				CURRENT_PROJECT_VERSION = 1;
				DEVELOPMENT_ASSET_PATHS = "\"DNAStrand/Preview Content\"";
				DEVELOPMENT_TEAM = KBBTQSH263;
				ENABLE_PREVIEWS = YES;
				GENERATE_INFOPLIST_FILE = YES;
				INFOPLIST_KEY_UIApplicationSceneManifest_Generation = YES;
				INFOPLIST_KEY_UIApplicationSupportsIndirectInputEvents = YES;
				INFOPLIST_KEY_UILaunchScreen_Generation = YES;
				INFOPLIST_KEY_UISupportedInterfaceOrientations_iPad = "UIInterfaceOrientationPortrait UIInterfaceOrientationPortraitUpsideDown UIInterfaceOrientationLandscapeLeft UIInterfaceOrientationLandscapeRight";
				INFOPLIST_KEY_UISupportedInterfaceOrientations_iPhone = "UIInterfaceOrientationPortrait UIInterfaceOrientationLandscapeLeft UIInterfaceOrientationLandscapeRight";
				IPHONEOS_DEPLOYMENT_TARGET = 15.0;
				LD_RUNPATH_SEARCH_PATHS = (
					"$(inherited)",
					"@executable_path/Frameworks",
				);
				MARKETING_VERSION = 1.0;
				PRODUCT_BUNDLE_IDENTIFIER = com.swiftuijam.DNAStrand;
				PRODUCT_NAME = "$(TARGET_NAME)";
				SWIFT_EMIT_LOC_STRINGS = YES;
				SWIFT_VERSION = 5.0;
				TARGETED_DEVICE_FAMILY = "1,2";
			};
			name = Release;
		};
/* End XCBuildConfiguration section */

/* Begin XCConfigurationList section */
		D22C6B922734FE6500303F44 /* Build configuration list for PBXProject "DNAStrand" */ = {
			isa = XCConfigurationList;
			buildConfigurations = (
				D22C6BA32734FE6700303F44 /* Debug */,
				D22C6BA42734FE6700303F44 /* Release */,
			);
			defaultConfigurationIsVisible = 0;
			defaultConfigurationName = Release;
		};
		D22C6BA52734FE6700303F44 /* Build configuration list for PBXNativeTarget "DNAStrand" */ = {
			isa = XCConfigurationList;
			buildConfigurations = (
				D22C6BA62734FE6700303F44 /* Debug */,
				D22C6BA72734FE6700303F44 /* Release */,
			);
			defaultConfigurationIsVisible = 0;
			defaultConfigurationName = Release;
		};
/* End XCConfigurationList section */

/* Begin XCRemoteSwiftPackageReference section */
		9D328F00273730E2004E7903 /* XCRemoteSwiftPackageReference "SwiftSoup" */ = {
			isa = XCRemoteSwiftPackageReference;
			repositoryURL = "https://github.com/scinfu/SwiftSoup.git";
			requirement = {
				branch = master;
				kind = branch;
			};
		};
		D20296B02737BDE300A10358 /* XCRemoteSwiftPackageReference "SwiftUI-CachedAsyncImage" */ = {
			isa = XCRemoteSwiftPackageReference;
			repositoryURL = "https://github.com/lorenzofiamingo/SwiftUI-CachedAsyncImage";
			requirement = {
				kind = upToNextMajorVersion;
				minimumVersion = 1.0.0;
			};
		};
/* End XCRemoteSwiftPackageReference section */

/* Begin XCSwiftPackageProductDependency section */
		9D328F01273730E2004E7903 /* SwiftSoup */ = {
			isa = XCSwiftPackageProductDependency;
			package = 9D328F00273730E2004E7903 /* XCRemoteSwiftPackageReference "SwiftSoup" */;
			productName = SwiftSoup;
		};
		D20296B12737BDE300A10358 /* CachedAsyncImage */ = {
			isa = XCSwiftPackageProductDependency;
			package = D20296B02737BDE300A10358 /* XCRemoteSwiftPackageReference "SwiftUI-CachedAsyncImage" */;
			productName = CachedAsyncImage;
		};
/* End XCSwiftPackageProductDependency section */
	};
	rootObject = D22C6B8F2734FE6500303F44 /* Project object */;
}
